
Microsoft Visual Studio Solution File, Format Version 12.00
# Visual Studio 15
VisualStudioVersion = 15.0.26430.6
MinimumVisualStudioVersion = 10.0.40219.1
Project("{FAE04EC0-301F-11D3-BF4B-00C04F79EFBC}") = "MercanteDiVenezia", "MercanteDiVenezia\MercanteDiVenezia.csproj", "{6884B415-8485-44F9-9D19-488D885543FA}"
EndProject
Project("{FAE04EC0-301F-11D3-BF4B-00C04F79EFBC}") = "MercanteDiVeneziaTests", "MercanteDiVeneziaTests\MercanteDiVeneziaTests.csproj", "{A3A12325-BDC8-4635-904A-135871368BAF}"
EndProject
Global
	GlobalSection(SolutionConfigurationPlatforms) = preSolution
		Debug|Any CPU = Debug|Any CPU
		Release|Any CPU = Release|Any CPU
	EndGlobalSection
	GlobalSection(ProjectConfigurationPlatforms) = postSolution
		{6884B415-8485-44F9-9D19-488D885543FA}.Debug|Any CPU.ActiveCfg = Debug|Any CPU
		{6884B415-8485-44F9-9D19-488D885543FA}.Debug|Any CPU.Build.0 = Debug|Any CPU
		{6884B415-8485-44F9-9D19-488D885543FA}.Release|Any CPU.ActiveCfg = Release|Any CPU
		{6884B415-8485-44F9-9D19-488D885543FA}.Release|Any CPU.Build.0 = Release|Any CPU
		{A3A12325-BDC8-4635-904A-135871368BAF}.Debug|Any CPU.ActiveCfg = Debug|Any CPU
		{A3A12325-BDC8-4635-904A-135871368BAF}.Debug|Any CPU.Build.0 = Debug|Any CPU
		{A3A12325-BDC8-4635-904A-135871368BAF}.Release|Any CPU.ActiveCfg = Release|Any CPU
		{A3A12325-BDC8-4635-904A-135871368BAF}.Release|Any CPU.Build.0 = Release|Any CPU
	EndGlobalSection
	GlobalSection(SolutionProperties) = preSolution
		HideSolutionNode = FALSE
	EndGlobalSection
EndGlobal
